
Microsoft Visual Studio Solution File, Format Version 12.00
# Visual Studio 2012
Project("{FAE04EC0-301F-11D3-BF4B-00C04F79EFBC}") = "Nile.Web", "Nile.Web\Nile.Web.csproj", "{070FAFA2-C474-4892-8A03-D59CA4B6EDBA}"
EndProject
Project("{FAE04EC0-301F-11D3-BF4B-00C04F79EFBC}") = "Nile.Web.Tests", "Nile.Web.Tests\Nile.Web.Tests.csproj", "{011E5B66-74D6-4315-AC54-E318380B941E}"
EndProject
Project("{FAE04EC0-301F-11D3-BF4B-00C04F79EFBC}") = "Nile.Core", "Nile.Core\Nile.Core.csproj", "{5B9BB1ED-0F7B-444E-A6B6-78289B216DA4}"
EndProject
Project("{FAE04EC0-301F-11D3-BF4B-00C04F79EFBC}") = "Nile.Web.Framework", "Nile.Web.Framework\Nile.Web.Framework.csproj", "{CF61A0DB-E5D1-4930-9996-34B48ACE8065}"
EndProject
Project("{FAE04EC0-301F-11D3-BF4B-00C04F79EFBC}") = "Nile.Admin", "Nile.Admin\Nile.Admin.csproj", "{1A8F6E55-13A9-433F-A3E3-275CD363BA7A}"
EndProject
Project("{FAE04EC0-301F-11D3-BF4B-00C04F79EFBC}") = "Nile.Admin.Tests", "Nile.Admin.Tests\Nile.Admin.Tests.csproj", "{DE58308B-EFB3-4FBE-92B2-ED9945744EF2}"
EndProject
Project("{2150E333-8FDC-42A3-9474-1A3956D46DE8}") = "Presentation", "Presentation", "{CD9AF5E2-E9B7-41D7-97EE-0A0BD7CC77F7}"
EndProject
Project("{2150E333-8FDC-42A3-9474-1A3956D46DE8}") = "Test", "Test", "{369929A5-D810-4A90-BF16-0163CA688400}"
EndProject
Project("{2150E333-8FDC-42A3-9474-1A3956D46DE8}") = "Libraries", "Libraries", "{B675662B-9800-4159-AEB3-D0FB532B78B5}"
EndProject
Project("{FAE04EC0-301F-11D3-BF4B-00C04F79EFBC}") = "Nile.Services", "Nile.Services\Nile.Services.csproj", "{A78FD4C3-C5B3-4DB9-9322-C7E445C53BB3}"
EndProject
Project("{FAE04EC0-301F-11D3-BF4B-00C04F79EFBC}") = "Nile.Data", "Nile.Data\Nile.Data.csproj", "{30374AEB-3913-448D-8579-95F5C13651BB}"
EndProject
Project("{2150E333-8FDC-42A3-9474-1A3956D46DE8}") = "Plugins", "Plugins", "{937A9E90-4B5E-4E80-A5CE-70CD60831852}"
EndProject
Global
	GlobalSection(SolutionConfigurationPlatforms) = preSolution
		Debug|Any CPU = Debug|Any CPU
		Release|Any CPU = Release|Any CPU
	EndGlobalSection
	GlobalSection(ProjectConfigurationPlatforms) = postSolution
		{070FAFA2-C474-4892-8A03-D59CA4B6EDBA}.Debug|Any CPU.ActiveCfg = Debug|Any CPU
		{070FAFA2-C474-4892-8A03-D59CA4B6EDBA}.Debug|Any CPU.Build.0 = Debug|Any CPU
		{070FAFA2-C474-4892-8A03-D59CA4B6EDBA}.Release|Any CPU.ActiveCfg = Release|Any CPU
		{070FAFA2-C474-4892-8A03-D59CA4B6EDBA}.Release|Any CPU.Build.0 = Release|Any CPU
		{011E5B66-74D6-4315-AC54-E318380B941E}.Debug|Any CPU.ActiveCfg = Debug|Any CPU
		{011E5B66-74D6-4315-AC54-E318380B941E}.Debug|Any CPU.Build.0 = Debug|Any CPU
		{011E5B66-74D6-4315-AC54-E318380B941E}.Release|Any CPU.ActiveCfg = Release|Any CPU
		{011E5B66-74D6-4315-AC54-E318380B941E}.Release|Any CPU.Build.0 = Release|Any CPU
		{5B9BB1ED-0F7B-444E-A6B6-78289B216DA4}.Debug|Any CPU.ActiveCfg = Debug|Any CPU
		{5B9BB1ED-0F7B-444E-A6B6-78289B216DA4}.Debug|Any CPU.Build.0 = Debug|Any CPU
		{5B9BB1ED-0F7B-444E-A6B6-78289B216DA4}.Release|Any CPU.ActiveCfg = Release|Any CPU
		{5B9BB1ED-0F7B-444E-A6B6-78289B216DA4}.Release|Any CPU.Build.0 = Release|Any CPU
		{CF61A0DB-E5D1-4930-9996-34B48ACE8065}.Debug|Any CPU.ActiveCfg = Debug|Any CPU
		{CF61A0DB-E5D1-4930-9996-34B48ACE8065}.Debug|Any CPU.Build.0 = Debug|Any CPU
		{CF61A0DB-E5D1-4930-9996-34B48ACE8065}.Release|Any CPU.ActiveCfg = Release|Any CPU
		{CF61A0DB-E5D1-4930-9996-34B48ACE8065}.Release|Any CPU.Build.0 = Release|Any CPU
		{1A8F6E55-13A9-433F-A3E3-275CD363BA7A}.Debug|Any CPU.ActiveCfg = Debug|Any CPU
		{1A8F6E55-13A9-433F-A3E3-275CD363BA7A}.Debug|Any CPU.Build.0 = Debug|Any CPU
		{1A8F6E55-13A9-433F-A3E3-275CD363BA7A}.Release|Any CPU.ActiveCfg = Release|Any CPU
		{1A8F6E55-13A9-433F-A3E3-275CD363BA7A}.Release|Any CPU.Build.0 = Release|Any CPU
		{DE58308B-EFB3-4FBE-92B2-ED9945744EF2}.Debug|Any CPU.ActiveCfg = Debug|Any CPU
		{DE58308B-EFB3-4FBE-92B2-ED9945744EF2}.Debug|Any CPU.Build.0 = Debug|Any CPU
		{DE58308B-EFB3-4FBE-92B2-ED9945744EF2}.Release|Any CPU.ActiveCfg = Release|Any CPU
		{DE58308B-EFB3-4FBE-92B2-ED9945744EF2}.Release|Any CPU.Build.0 = Release|Any CPU
		{A78FD4C3-C5B3-4DB9-9322-C7E445C53BB3}.Debug|Any CPU.ActiveCfg = Debug|Any CPU
		{A78FD4C3-C5B3-4DB9-9322-C7E445C53BB3}.Debug|Any CPU.Build.0 = Debug|Any CPU
		{A78FD4C3-C5B3-4DB9-9322-C7E445C53BB3}.Release|Any CPU.ActiveCfg = Release|Any CPU
		{A78FD4C3-C5B3-4DB9-9322-C7E445C53BB3}.Release|Any CPU.Build.0 = Release|Any CPU
		{30374AEB-3913-448D-8579-95F5C13651BB}.Debug|Any CPU.ActiveCfg = Debug|Any CPU
		{30374AEB-3913-448D-8579-95F5C13651BB}.Debug|Any CPU.Build.0 = Debug|Any CPU
		{30374AEB-3913-448D-8579-95F5C13651BB}.Release|Any CPU.ActiveCfg = Release|Any CPU
		{30374AEB-3913-448D-8579-95F5C13651BB}.Release|Any CPU.Build.0 = Release|Any CPU
	EndGlobalSection
	GlobalSection(SolutionProperties) = preSolution
		HideSolutionNode = FALSE
	EndGlobalSection
	GlobalSection(NestedProjects) = preSolution
		{CF61A0DB-E5D1-4930-9996-34B48ACE8065} = {CD9AF5E2-E9B7-41D7-97EE-0A0BD7CC77F7}
		{1A8F6E55-13A9-433F-A3E3-275CD363BA7A} = {CD9AF5E2-E9B7-41D7-97EE-0A0BD7CC77F7}
		{070FAFA2-C474-4892-8A03-D59CA4B6EDBA} = {CD9AF5E2-E9B7-41D7-97EE-0A0BD7CC77F7}
		{DE58308B-EFB3-4FBE-92B2-ED9945744EF2} = {369929A5-D810-4A90-BF16-0163CA688400}
		{011E5B66-74D6-4315-AC54-E318380B941E} = {369929A5-D810-4A90-BF16-0163CA688400}
		{5B9BB1ED-0F7B-444E-A6B6-78289B216DA4} = {B675662B-9800-4159-AEB3-D0FB532B78B5}
		{A78FD4C3-C5B3-4DB9-9322-C7E445C53BB3} = {B675662B-9800-4159-AEB3-D0FB532B78B5}
		{30374AEB-3913-448D-8579-95F5C13651BB} = {B675662B-9800-4159-AEB3-D0FB532B78B5}
	EndGlobalSection
	GlobalSection(ExtensibilityGlobals) = postSolution
		VisualSVNWorkingCopyRoot = .
	EndGlobalSection
EndGlobal
